
Microsoft Visual Studio Solution File, Format Version 12.00
# Visual Studio Version 16
VisualStudioVersion = 16.0.28803.352
MinimumVisualStudioVersion = 10.0.40219.1
Project("{FAE04EC0-301F-11D3-BF4B-00C04F79EFBC}") = "WeatherApp", "WeatherApp.csproj", "{328E5557-6482-4BCD-9EE4-E10987246A47}"
EndProject
Global
	GlobalSection(SolutionConfigurationPlatforms) = preSolution
		Debug|Any CPU = Debug|Any CPU
		Release|Any CPU = Release|Any CPU
	EndGlobalSection
	GlobalSection(ProjectConfigurationPlatforms) = postSolution
		{328E5557-6482-4BCD-9EE4-E10987246A47}.Debug|Any CPU.ActiveCfg = Debug|Any CPU
		{328E5557-6482-4BCD-9EE4-E10987246A47}.Debug|Any CPU.Build.0 = Debug|Any CPU
		{328E5557-6482-4BCD-9EE4-E10987246A47}.Release|Any CPU.ActiveCfg = Release|Any CPU
		{328E5557-6482-4BCD-9EE4-E10987246A47}.Release|Any CPU.Build.0 = Release|Any CPU
	EndGlobalSection
	GlobalSection(SolutionProperties) = preSolution
		HideSolutionNode = FALSE
	EndGlobalSection
	GlobalSection(ExtensibilityGlobals) = postSolution
		SolutionGuid = {88B3ACAE-A319-4F7B-B24F-C79F312B35B7}
	EndGlobalSection
EndGlobal
